// !$*UTF8*$!
{
	archiveVersion = 1;
	classes = {
	};
	objectVersion = 44;
	objects = {

/* Begin PBXAggregateTarget section */
		AC90C0F910C6D5DD00848E88 /* CONFIGURE_DIALOG */ = {
			isa = PBXAggregateTarget;
			buildConfigurationList = AC90C11110C6D5F600848E88 /* Build configuration list for PBXAggregateTarget "CONFIGURE_DIALOG" */;
			buildPhases = (
				AC90C0F810C6D5DD00848E88 /* ShellScript */,
			);
			dependencies = (
			);
			name = CONFIGURE_DIALOG;
			productName = CONFIGURE_DIALOG;
		};
		AC90C0FB10C6D5DD00848E88 /* CONFIGURE */ = {
			isa = PBXAggregateTarget;
			buildConfigurationList = AC90C11210C6D5F600848E88 /* Build configuration list for PBXAggregateTarget "CONFIGURE" */;
			buildPhases = (
				AC90C0FA10C6D5DD00848E88 /* ShellScript */,
			);
			dependencies = (
			);
			name = CONFIGURE;
			productName = CONFIGURE;
		};
/* End PBXAggregateTarget section */

/* Begin PBXGroup section */
		AC90C0F410C6D5DD00848E88 /* NCBI C++ Toolkit */ = {
			isa = PBXGroup;
			children = (
			);
			name = "NCBI C++ Toolkit";
			sourceTree = "<group>";
		};
/* End PBXGroup section */

/* Begin PBXLegacyTarget section */
		AC90C12410C6D7D000848E88 /* Untitled */ = {
			isa = PBXLegacyTarget;
			buildArgumentsString = "$(ACTION)";
			buildConfigurationList = AC90C12910C6D7EE00848E88 /* Build configuration list for PBXLegacyTarget "Untitled" */;
			buildPhases = (
			);
			buildToolPath = /bin/sh;
			dependencies = (
			);
			name = Untitled;
			passBuildSettingsInEnvironment = 1;
			productName = Untitled;
		};
/* End PBXLegacyTarget section */

/* Begin PBXProject section */
		AC90C0FE10C6D5DE00848E88 /* Project object */ = {
			isa = PBXProject;
			buildConfigurationList = AC90C11010C6D5F600848E88 /* Build configuration list for PBXProject "ncbi_cpp" */;
			compatibilityVersion = "Xcode 3.0";
			hasScannedForEncodings = 1;
			mainGroup = AC90C0F410C6D5DD00848E88 /* NCBI C++ Toolkit */;
			projectDirPath = "";
			projectRoot = "";
			targets = (
				AC90C0F910C6D5DD00848E88 /* CONFIGURE_DIALOG */,
				AC90C0FB10C6D5DD00848E88 /* CONFIGURE */,
				AC90C12410C6D7D000848E88 /* Untitled */,
			);
		};
/* End PBXProject section */

/* Begin PBXShellScriptBuildPhase section */
		AC90C0F810C6D5DD00848E88 /* ShellScript */ = {
			isa = PBXShellScriptBuildPhase;
			buildActionMask = 2147483647;
			files = (
			);
			inputPaths = (
			);
			outputPaths = (
			);
			runOnlyForDeploymentPostprocessing = 0;
			shellPath = /bin/sh;
			shellScript = "export PTB_PLATFORM=\"$ARCHS\"\nexport PTB_PATH=../static/bin/ReleaseDLL\nexport SLN_PATH=ncbi_cpp\nexport TREE_ROOT=../../..\nexport BUILD_TREE_ROOT=..\nUtilityProjects/configure_gui_ncbi_cpp.sh";
		};
		AC90C0FA10C6D5DD00848E88 /* ShellScript */ = {
			isa = PBXShellScriptBuildPhase;
			buildActionMask = 2147483647;
			files = (
			);
			inputPaths = (
			);
			outputPaths = (
			);
			runOnlyForDeploymentPostprocessing = 0;
			shellPath = /bin/sh;
			shellScript = "export PTB_PLATFORM=\"$ARCHS\"\nexport PTB_PATH=../static/bin/ReleaseDLL\nexport SLN_PATH=ncbi_cpp\nexport TREE_ROOT=../../..\nexport BUILD_TREE_ROOT=..\nUtilityProjects/configure_ncbi_cpp.sh";
		};
/* End PBXShellScriptBuildPhase section */

/* Begin XCBuildConfiguration section */
		AC90C0FF10C6D5DE00848E88 /* DebugDLL */ = {
			isa = XCBuildConfiguration;
			buildSettings = {
				ARCHS = (
					ppc,
					i386,
				);
				COPY_PHASE_STRIP = NO;
				DEAD_CODE_STRIPPING = YES;
				DEBUG_INFORMATION_FORMAT = "dwarf-with-dsym";
				FRAMEWORK_SEARCH_PATHS = /System/Library/Frameworks/CoreServices.framework/Frameworks;
				GCC_DEBUGGING_SYMBOLS = default;
				GCC_DYNAMIC_NO_PIC = NO;
				GCC_ENABLE_CPP_EXCEPTIONS = YES;
				GCC_ENABLE_CPP_RTTI = YES;
				GCC_ENABLE_FIX_AND_CONTINUE = NO;
				GCC_GENERATE_DEBUGGING_SYMBOLS = YES;
				GCC_MODEL_TUNING = G5;
				GCC_OPTIMIZATION_LEVEL = 0;
				GCC_WARN_ABOUT_RETURN_TYPE = YES;
				GCC_WARN_UNUSED_VARIABLE = YES;
				PREBINDING = NO;
				SDKROOT = "";
				STANDARD_C_PLUS_PLUS_LIBRARY_TYPE = dynamic;
				ZERO_LINK = NO;
			};
			name = DebugDLL;
		};
		AC90C10010C6D5DE00848E88 /* DebugMT */ = {
			isa = XCBuildConfiguration;
			buildSettings = {
				ARCHS = (
					ppc,
					i386,
				);
				COPY_PHASE_STRIP = NO;
				DEAD_CODE_STRIPPING = YES;
				DEBUG_INFORMATION_FORMAT = "dwarf-with-dsym";
				FRAMEWORK_SEARCH_PATHS = /System/Library/Frameworks/CoreServices.framework/Frameworks;
				GCC_DEBUGGING_SYMBOLS = default;
				GCC_DYNAMIC_NO_PIC = NO;
				GCC_ENABLE_CPP_EXCEPTIONS = YES;
				GCC_ENABLE_CPP_RTTI = YES;
				GCC_ENABLE_FIX_AND_CONTINUE = NO;
				GCC_GENERATE_DEBUGGING_SYMBOLS = YES;
				GCC_MODEL_TUNING = G5;
				GCC_OPTIMIZATION_LEVEL = 0;
				GCC_WARN_ABOUT_RETURN_TYPE = YES;
				GCC_WARN_UNUSED_VARIABLE = YES;
				PREBINDING = NO;
				SDKROOT = "";
				STANDARD_C_PLUS_PLUS_LIBRARY_TYPE = static;
				ZERO_LINK = NO;
			};
			name = DebugMT;
		};
		AC90C10110C6D5DE00848E88 /* ReleaseDLL */ = {
			isa = XCBuildConfiguration;
			buildSettings = {
				ARCHS = (
					ppc,
					i386,
				);
				COPY_PHASE_STRIP = YES;
				DEAD_CODE_STRIPPING = YES;
				FRAMEWORK_SEARCH_PATHS = /System/Library/Frameworks/CoreServices.framework/Frameworks;
				GCC_DYNAMIC_NO_PIC = NO;
				GCC_ENABLE_CPP_EXCEPTIONS = YES;
				GCC_ENABLE_CPP_RTTI = YES;
				GCC_ENABLE_FIX_AND_CONTINUE = NO;
				GCC_GENERATE_DEBUGGING_SYMBOLS = NO;
				GCC_MODEL_TUNING = G5;
				GCC_WARN_ABOUT_RETURN_TYPE = YES;
				GCC_WARN_UNUSED_VARIABLE = YES;
				PREBINDING = NO;
				SDKROOT = "";
				STANDARD_C_PLUS_PLUS_LIBRARY_TYPE = dynamic;
				ZERO_LINK = NO;
			};
			name = ReleaseDLL;
		};
		AC90C10210C6D5DE00848E88 /* ReleaseMT */ = {
			isa = XCBuildConfiguration;
			buildSettings = {
				ARCHS = (
					ppc,
					i386,
				);
				COPY_PHASE_STRIP = YES;
				DEAD_CODE_STRIPPING = YES;
				FRAMEWORK_SEARCH_PATHS = /System/Library/Frameworks/CoreServices.framework/Frameworks;
				GCC_DYNAMIC_NO_PIC = NO;
				GCC_ENABLE_CPP_EXCEPTIONS = YES;
				GCC_ENABLE_CPP_RTTI = YES;
				GCC_ENABLE_FIX_AND_CONTINUE = NO;
				GCC_GENERATE_DEBUGGING_SYMBOLS = NO;
				GCC_MODEL_TUNING = G5;
				GCC_WARN_ABOUT_RETURN_TYPE = YES;
				GCC_WARN_UNUSED_VARIABLE = YES;
				PREBINDING = NO;
				SDKROOT = "";
				STANDARD_C_PLUS_PLUS_LIBRARY_TYPE = static;
				ZERO_LINK = NO;
			};
			name = ReleaseMT;
		};
		AC90C10310C6D5DE00848E88 /* DebugDLL */ = {
			isa = XCBuildConfiguration;
			buildSettings = {
				PRODUCT_NAME = CONFIGURE_DIALOG;
			};
			name = DebugDLL;
		};
		AC90C10410C6D5DE00848E88 /* DebugMT */ = {
			isa = XCBuildConfiguration;
			buildSettings = {
				PRODUCT_NAME = CONFIGURE_DIALOG;
			};
			name = DebugMT;
		};
		AC90C10510C6D5DE00848E88 /* ReleaseDLL */ = {
			isa = XCBuildConfiguration;
			buildSettings = {
				PRODUCT_NAME = CONFIGURE_DIALOG;
			};
			name = ReleaseDLL;
		};
		AC90C10610C6D5DE00848E88 /* ReleaseMT */ = {
			isa = XCBuildConfiguration;
			buildSettings = {
				PRODUCT_NAME = CONFIGURE_DIALOG;
			};
			name = ReleaseMT;
		};
		AC90C10710C6D5DE00848E88 /* DebugDLL */ = {
			isa = XCBuildConfiguration;
			buildSettings = {
				PRODUCT_NAME = CONFIGURE;
			};
			name = DebugDLL;
		};
		AC90C10810C6D5DE00848E88 /* DebugMT */ = {
			isa = XCBuildConfiguration;
			buildSettings = {
				PRODUCT_NAME = CONFIGURE;
			};
			name = DebugMT;
		};
		AC90C10910C6D5DE00848E88 /* ReleaseDLL */ = {
			isa = XCBuildConfiguration;
			buildSettings = {
				PRODUCT_NAME = CONFIGURE;
			};
			name = ReleaseDLL;
		};
		AC90C10A10C6D5DE00848E88 /* ReleaseMT */ = {
			isa = XCBuildConfiguration;
			buildSettings = {
				PRODUCT_NAME = CONFIGURE;
			};
			name = ReleaseMT;
		};
		AC90C12510C6D7D000848E88 /* DebugDLL */ = {
			isa = XCBuildConfiguration;
			buildSettings = {
				PRODUCT_NAME = Untitled;
			};
			name = DebugDLL;
		};
		AC90C12610C6D7D000848E88 /* DebugMT */ = {
			isa = XCBuildConfiguration;
			buildSettings = {
				PRODUCT_NAME = Untitled;
			};
			name = DebugMT;
		};
		AC90C12710C6D7D000848E88 /* ReleaseDLL */ = {
			isa = XCBuildConfiguration;
			buildSettings = {
				PRODUCT_NAME = Untitled;
			};
			name = ReleaseDLL;
		};
		AC90C12810C6D7D000848E88 /* ReleaseMT */ = {
			isa = XCBuildConfiguration;
			buildSettings = {
				PRODUCT_NAME = Untitled;
			};
			name = ReleaseMT;
		};
/* End XCBuildConfiguration section */

/* Begin XCConfigurationList section */
		AC90C11010C6D5F600848E88 /* Build configuration list for PBXProject "ncbi_cpp" */ = {
			isa = XCConfigurationList;
			buildConfigurations = (
				AC90C0FF10C6D5DE00848E88 /* DebugDLL */,
				AC90C10010C6D5DE00848E88 /* DebugMT */,
				AC90C10110C6D5DE00848E88 /* ReleaseDLL */,
				AC90C10210C6D5DE00848E88 /* ReleaseMT */,
			);
			defaultConfigurationIsVisible = 0;
			defaultConfigurationName = ReleaseDLL;
		};
		AC90C11110C6D5F600848E88 /* Build configuration list for PBXAggregateTarget "CONFIGURE_DIALOG" */ = {
			isa = XCConfigurationList;
			buildConfigurations = (
				AC90C10310C6D5DE00848E88 /* DebugDLL */,
				AC90C10410C6D5DE00848E88 /* DebugMT */,
				AC90C10510C6D5DE00848E88 /* ReleaseDLL */,
				AC90C10610C6D5DE00848E88 /* ReleaseMT */,
			);
			defaultConfigurationIsVisible = 0;
			defaultConfigurationName = ReleaseDLL;
		};
		AC90C11210C6D5F600848E88 /* Build configuration list for PBXAggregateTarget "CONFIGURE" */ = {
			isa = XCConfigurationList;
			buildConfigurations = (
				AC90C10710C6D5DE00848E88 /* DebugDLL */,
				AC90C10810C6D5DE00848E88 /* DebugMT */,
				AC90C10910C6D5DE00848E88 /* ReleaseDLL */,
				AC90C10A10C6D5DE00848E88 /* ReleaseMT */,
			);
			defaultConfigurationIsVisible = 0;
			defaultConfigurationName = ReleaseDLL;
		};
		AC90C12910C6D7EE00848E88 /* Build configuration list for PBXLegacyTarget "Untitled" */ = {
			isa = XCConfigurationList;
			buildConfigurations = (
				AC90C12510C6D7D000848E88 /* DebugDLL */,
				AC90C12610C6D7D000848E88 /* DebugMT */,
				AC90C12710C6D7D000848E88 /* ReleaseDLL */,
				AC90C12810C6D7D000848E88 /* ReleaseMT */,
			);
			defaultConfigurationIsVisible = 0;
			defaultConfigurationName = ReleaseDLL;
		};
/* End XCConfigurationList section */
	};
	rootObject = AC90C0FE10C6D5DE00848E88 /* Project object */;
}
